Microsoft Visual Studio Solution File, Format Version 12.00
# Visual Studio Version 17
VisualStudioVersion = 17.13.35919.96
MinimumVisualStudioVersion = 10.0.40219.1
Project("{FAE04EC0-301F-11D3-BF4B-00C04F79EFBC}") = "NGMapping", "NGMapping\NGMapping.csproj", "{5D513C26-09E5-4662-9037-C5BB26E1D70D}"
EndProject
Global
	GlobalSection(SolutionConfigurationPlatforms) = preSolution
		Debug|Any CPU = Debug|Any CPU
		Release|Any CPU = Release|Any CPU
	EndGlobalSection
	GlobalSection(ProjectConfigurationPlatforms) = postSolution
		{5D513C26-09E5-4662-9037-C5BB26E1D70D}.Debug|Any CPU.ActiveCfg = Debug|Any CPU
		{5D513C26-09E5-4662-9037-C5BB26E1D70D}.Debug|Any CPU.Build.0 = Debug|Any CPU
		{5D513C26-09E5-4662-9037-C5BB26E1D70D}.Release|Any CPU.ActiveCfg = Release|Any CPU
		{5D513C26-09E5-4662-9037-C5BB26E1D70D}.Release|Any CPU.Build.0 = Release|Any CPU
	EndGlobalSection
	GlobalSection(SolutionProperties) = preSolution
		HideSolutionNode = FALSE
	EndGlobalSection
	GlobalSection(ExtensibilityGlobals) = postSolution
		SolutionGuid = {BBD28EF0-5EFE-487B-B782-39572ED31764}
	EndGlobalSection
EndGlobal
